// !$*UTF8*$!
{
	archiveVersion = 1;
	classes = {
	};
	objectVersion = 48;
	objects = {

/* Begin PBXBuildFile section */
		844E23DA206CD6D40059716C /* XNativeSocketManager.m in Sources */ = {isa = PBXBuildFile; fileRef = 844E23D9206CD6D40059716C /* XNativeSocketManager.m */; };
		844E23DD206CE4770059716C /* XAsyncSocketManager.m in Sources */ = {isa = PBXBuildFile; fileRef = 844E23DC206CE4770059716C /* XAsyncSocketManager.m */; };
		844E23E0206CE48A0059716C /* GCDAsyncSocket.m in Sources */ = {isa = PBXBuildFile; fileRef = 844E23DE206CE48A0059716C /* GCDAsyncSocket.m */; };
		845E9839206B8EA600B6CAD9 /* AppDelegate.m in Sources */ = {isa = PBXBuildFile; fileRef = 845E9838206B8EA600B6CAD9 /* AppDelegate.m */; };
		845E983C206B8EA600B6CAD9 /* ViewController.m in Sources */ = {isa = PBXBuildFile; fileRef = 845E983B206B8EA600B6CAD9 /* ViewController.m */; };
		845E983F206B8EA600B6CAD9 /* Main.storyboard in Resources */ = {isa = PBXBuildFile; fileRef = 845E983D206B8EA600B6CAD9 /* Main.storyboard */; };
		845E9841206B8EA600B6CAD9 /* Assets.xcassets in Resources */ = {isa = PBXBuildFile; fileRef = 845E9840206B8EA600B6CAD9 /* Assets.xcassets */; };
		845E9844206B8EA600B6CAD9 /* LaunchScreen.storyboard in Resources */ = {isa = PBXBuildFile; fileRef = 845E9842206B8EA600B6CAD9 /* LaunchScreen.storyboard */; };
		845E9847206B8EA600B6CAD9 /* main.m in Sources */ = {isa = PBXBuildFile; fileRef = 845E9846206B8EA600B6CAD9 /* main.m */; };
		845E9851206B8EA600B6CAD9 /* SocketDemoTests.m in Sources */ = {isa = PBXBuildFile; fileRef = 845E9850206B8EA600B6CAD9 /* SocketDemoTests.m */; };
		845E985C206B8EA700B6CAD9 /* SocketDemoUITests.m in Sources */ = {isa = PBXBuildFile; fileRef = 845E985B206B8EA700B6CAD9 /* SocketDemoUITests.m */; };
/* End PBXBuildFile section */

/* Begin PBXContainerItemProxy section */
		845E984D206B8EA600B6CAD9 /* PBXContainerItemProxy */ = {
			isa = PBXContainerItemProxy;
			containerPortal = 845E982C206B8EA600B6CAD9 /* Project object */;
			proxyType = 1;
			remoteGlobalIDString = 845E9833206B8EA600B6CAD9;
			remoteInfo = SocketDemo;
		};
		845E9858206B8EA600B6CAD9 /* PBXContainerItemProxy */ = {
			isa = PBXContainerItemProxy;
			containerPortal = 845E982C206B8EA600B6CAD9 /* Project object */;
			proxyType = 1;
			remoteGlobalIDString = 845E9833206B8EA600B6CAD9;
			remoteInfo = SocketDemo;
		};
/* End PBXContainerItemProxy section */

/* Begin PBXFileReference section */
		844E23D8206CD6D40059716C /* XNativeSocketManager.h */ = {isa = PBXFileReference; lastKnownFileType = sourcecode.c.h; path = XNativeSocketManager.h; sourceTree = "<group>"; };
		844E23D9206CD6D40059716C /* XNativeSocketManager.m */ = {isa = PBXFileReference; lastKnownFileType = sourcecode.c.objc; path = XNativeSocketManager.m; sourceTree = "<group>"; };
		844E23DB206CE4770059716C /* XAsyncSocketManager.h */ = {isa = PBXFileReference; lastKnownFileType = sourcecode.c.h; path = XAsyncSocketManager.h; sourceTree = "<group>"; };
		844E23DC206CE4770059716C /* XAsyncSocketManager.m */ = {isa = PBXFileReference; lastKnownFileType = sourcecode.c.objc; path = XAsyncSocketManager.m; sourceTree = "<group>"; };
		844E23DE206CE48A0059716C /* GCDAsyncSocket.m */ = {isa = PBXFileReference; fileEncoding = 4; lastKnownFileType = sourcecode.c.objc; path = GCDAsyncSocket.m; sourceTree = "<group>"; };
		844E23DF206CE48A0059716C /* GCDAsyncSocket.h */ = {isa = PBXFileReference; fileEncoding = 4; lastKnownFileType = sourcecode.c.h; path = GCDAsyncSocket.h; sourceTree = "<group>"; };
		845E9834206B8EA600B6CAD9 /* SocketDemo.app */ = {isa = PBXFileReference; explicitFileType = wrapper.application; includeInIndex = 0; path = SocketDemo.app; sourceTree = BUILT_PRODUCTS_DIR; };
		845E9837206B8EA600B6CAD9 /* AppDelegate.h */ = {isa = PBXFileReference; lastKnownFileType = sourcecode.c.h; path = AppDelegate.h; sourceTree = "<group>"; };
		845E9838206B8EA600B6CAD9 /* AppDelegate.m */ = {isa = PBXFileReference; lastKnownFileType = sourcecode.c.objc; path = AppDelegate.m; sourceTree = "<group>"; };
		845E983A206B8EA600B6CAD9 /* ViewController.h */ = {isa = PBXFileReference; lastKnownFileType = sourcecode.c.h; path = ViewController.h; sourceTree = "<group>"; };
		845E983B206B8EA600B6CAD9 /* ViewController.m */ = {isa = PBXFileReference; lastKnownFileType = sourcecode.c.objc; path = ViewController.m; sourceTree = "<group>"; };
		845E983E206B8EA600B6CAD9 /* Base */ = {isa = PBXFileReference; lastKnownFileType = file.storyboard; name = Base; path = Base.lproj/Main.storyboard; sourceTree = "<group>"; };
		845E9840206B8EA600B6CAD9 /* Assets.xcassets */ = {isa = PBXFileReference; lastKnownFileType = folder.assetcatalog; path = Assets.xcassets; sourceTree = "<group>"; };
		845E9843206B8EA600B6CAD9 /* Base */ = {isa = PBXFileReference; lastKnownFileType = file.storyboard; name = Base; path = Base.lproj/LaunchScreen.storyboard; sourceTree = "<group>"; };
		845E9845206B8EA600B6CAD9 /* Info.plist */ = {isa = PBXFileReference; lastKnownFileType = text.plist.xml; path = Info.plist; sourceTree = "<group>"; };
		845E9846206B8EA600B6CAD9 /* main.m */ = {isa = PBXFileReference; lastKnownFileType = sourcecode.c.objc; path = main.m; sourceTree = "<group>"; };
		845E984C206B8EA600B6CAD9 /* SocketDemoTests.xctest */ = {isa = PBXFileReference; explicitFileType = wrapper.cfbundle; includeInIndex = 0; path = SocketDemoTests.xctest; sourceTree = BUILT_PRODUCTS_DIR; };
		845E9850206B8EA600B6CAD9 /* SocketDemoTests.m */ = {isa = PBXFileReference; lastKnownFileType = sourcecode.c.objc; path = SocketDemoTests.m; sourceTree = "<group>"; };
		845E9852206B8EA600B6CAD9 /* Info.plist */ = {isa = PBXFileReference; lastKnownFileType = text.plist.xml; path = Info.plist; sourceTree = "<group>"; };
		845E9857206B8EA600B6CAD9 /* SocketDemoUITests.xctest */ = {isa = PBXFileReference; explicitFileType = wrapper.cfbundle; includeInIndex = 0; path = SocketDemoUITests.xctest; sourceTree = BUILT_PRODUCTS_DIR; };
		845E985B206B8EA700B6CAD9 /* SocketDemoUITests.m */ = {isa = PBXFileReference; lastKnownFileType = sourcecode.c.objc; path = SocketDemoUITests.m; sourceTree = "<group>"; };
		845E985D206B8EA700B6CAD9 /* Info.plist */ = {isa = PBXFileReference; lastKnownFileType = text.plist.xml; path = Info.plist; sourceTree = "<group>"; };
/* End PBXFileReference section */

/* Begin PBXFrameworksBuildPhase section */
		845E9831206B8EA600B6CAD9 /* Frameworks */ = {
			isa = PBXFrameworksBuildPhase;
			buildActionMask = 2147483647;
			files = (
			);
			runOnlyForDeploymentPostprocessing = 0;
		};
		845E9849206B8EA600B6CAD9 /* Frameworks */ = {
			isa = PBXFrameworksBuildPhase;
			buildActionMask = 2147483647;
			files = (
			);
			runOnlyForDeploymentPostprocessing = 0;
		};
		845E9854206B8EA600B6CAD9 /* Frameworks */ = {
			isa = PBXFrameworksBuildPhase;
			buildActionMask = 2147483647;
			files = (
			);
			runOnlyForDeploymentPostprocessing = 0;
		};
/* End PBXFrameworksBuildPhase section */

/* Begin PBXGroup section */
		845E982B206B8EA600B6CAD9 = {
			isa = PBXGroup;
			children = (
				845E9836206B8EA600B6CAD9 /* SocketDemo */,
				845E984F206B8EA600B6CAD9 /* SocketDemoTests */,
				845E985A206B8EA600B6CAD9 /* SocketDemoUITests */,
				845E9835206B8EA600B6CAD9 /* Products */,
			);
			sourceTree = "<group>";
		};
		845E9835206B8EA600B6CAD9 /* Products */ = {
			isa = PBXGroup;
			children = (
				845E9834206B8EA600B6CAD9 /* SocketDemo.app */,
				845E984C206B8EA600B6CAD9 /* SocketDemoTests.xctest */,
				845E9857206B8EA600B6CAD9 /* SocketDemoUITests.xctest */,
			);
			name = Products;
			sourceTree = "<group>";
		};
		845E9836206B8EA600B6CAD9 /* SocketDemo */ = {
			isa = PBXGroup;
			children = (
				845E9837206B8EA600B6CAD9 /* AppDelegate.h */,
				845E9838206B8EA600B6CAD9 /* AppDelegate.m */,
				845E983A206B8EA600B6CAD9 /* ViewController.h */,
				845E983B206B8EA600B6CAD9 /* ViewController.m */,
				844E23D8206CD6D40059716C /* XNativeSocketManager.h */,
				844E23D9206CD6D40059716C /* XNativeSocketManager.m */,
				844E23DB206CE4770059716C /* XAsyncSocketManager.h */,
				844E23DC206CE4770059716C /* XAsyncSocketManager.m */,
				845E983D206B8EA600B6CAD9 /* Main.storyboard */,
				844E23DF206CE48A0059716C /* GCDAsyncSocket.h */,
				844E23DE206CE48A0059716C /* GCDAsyncSocket.m */,
				845E9840206B8EA600B6CAD9 /* Assets.xcassets */,
				845E9842206B8EA600B6CAD9 /* LaunchScreen.storyboard */,
				845E9845206B8EA600B6CAD9 /* Info.plist */,
				845E9846206B8EA600B6CAD9 /* main.m */,
			);
			path = SocketDemo;
			sourceTree = "<group>";
		};
		845E984F206B8EA600B6CAD9 /* SocketDemoTests */ = {
			isa = PBXGroup;
			children = (
				845E9850206B8EA600B6CAD9 /* SocketDemoTests.m */,
				845E9852206B8EA600B6CAD9 /* Info.plist */,
			);
			path = SocketDemoTests;
			sourceTree = "<group>";
		};
		845E985A206B8EA600B6CAD9 /* SocketDemoUITests */ = {
			isa = PBXGroup;
			children = (
				845E985B206B8EA700B6CAD9 /* SocketDemoUITests.m */,
				845E985D206B8EA700B6CAD9 /* Info.plist */,
			);
			path = SocketDemoUITests;
			sourceTree = "<group>";
		};
/* End PBXGroup section */

/* Begin PBXNativeTarget section */
		845E9833206B8EA600B6CAD9 /* SocketDemo */ = {
			isa = PBXNativeTarget;
			buildConfigurationList = 845E9860206B8EA700B6CAD9 /* Build configuration list for PBXNativeTarget "SocketDemo" */;
			buildPhases = (
				845E9830206B8EA600B6CAD9 /* Sources */,
				845E9831206B8EA600B6CAD9 /* Frameworks */,
				845E9832206B8EA600B6CAD9 /* Resources */,
			);
			buildRules = (
			);
			dependencies = (
			);
			name = SocketDemo;
			productName = SocketDemo;
			productReference = 845E9834206B8EA600B6CAD9 /* SocketDemo.app */;
			productType = "com.apple.product-type.application";
		};
		845E984B206B8EA600B6CAD9 /* SocketDemoTests */ = {
			isa = PBXNativeTarget;
			buildConfigurationList = 845E9863206B8EA700B6CAD9 /* Build configuration list for PBXNativeTarget "SocketDemoTests" */;
			buildPhases = (
				845E9848206B8EA600B6CAD9 /* Sources */,
				845E9849206B8EA600B6CAD9 /* Frameworks */,
				845E984A206B8EA600B6CAD9 /* Resources */,
			);
			buildRules = (
			);
			dependencies = (
				845E984E206B8EA600B6CAD9 /* PBXTargetDependency */,
			);
			name = SocketDemoTests;
			productName = SocketDemoTests;
			productReference = 845E984C206B8EA600B6CAD9 /* SocketDemoTests.xctest */;
			productType = "com.apple.product-type.bundle.unit-test";
		};
		845E9856206B8EA600B6CAD9 /* SocketDemoUITests */ = {
			isa = PBXNativeTarget;
			buildConfigurationList = 845E9866206B8EA700B6CAD9 /* Build configuration list for PBXNativeTarget "SocketDemoUITests" */;
			buildPhases = (
				845E9853206B8EA600B6CAD9 /* Sources */,
				845E9854206B8EA600B6CAD9 /* Frameworks */,
				845E9855206B8EA600B6CAD9 /* Resources */,
			);
			buildRules = (
			);
			dependencies = (
				845E9859206B8EA600B6CAD9 /* PBXTargetDependency */,
			);
			name = SocketDemoUITests;
			productName = SocketDemoUITests;
			productReference = 845E9857206B8EA600B6CAD9 /* SocketDemoUITests.xctest */;
			productType = "com.apple.product-type.bundle.ui-testing";
		};
/* End PBXNativeTarget section */

/* Begin PBXProject section */
		845E982C206B8EA600B6CAD9 /* Project object */ = {
			isa = PBXProject;
			attributes = {
				LastUpgradeCheck = 0920;
				ORGANIZATIONNAME = admin;
				TargetAttributes = {
					845E9833206B8EA600B6CAD9 = {
						CreatedOnToolsVersion = 9.2;
						ProvisioningStyle = Automatic;
					};
					845E984B206B8EA600B6CAD9 = {
						CreatedOnToolsVersion = 9.2;
						ProvisioningStyle = Automatic;
						TestTargetID = 845E9833206B8EA600B6CAD9;
					};
					845E9856206B8EA600B6CAD9 = {
						CreatedOnToolsVersion = 9.2;
						ProvisioningStyle = Automatic;
						TestTargetID = 845E9833206B8EA600B6CAD9;
					};
				};
			};
			buildConfigurationList = 845E982F206B8EA600B6CAD9 /* Build configuration list for PBXProject "SocketDemo" */;
			compatibilityVersion = "Xcode 8.0";
			developmentRegion = en;
			hasScannedForEncodings = 0;
			knownRegions = (
				en,
				Base,
			);
			mainGroup = 845E982B206B8EA600B6CAD9;
			productRefGroup = 845E9835206B8EA600B6CAD9 /* Products */;
			projectDirPath = "";
			projectRoot = "";
			targets = (
				845E9833206B8EA600B6CAD9 /* SocketDemo */,
				845E984B206B8EA600B6CAD9 /* SocketDemoTests */,
				845E9856206B8EA600B6CAD9 /* SocketDemoUITests */,
			);
		};
/* End PBXProject section */

/* Begin PBXResourcesBuildPhase section */
		845E9832206B8EA600B6CAD9 /* Resources */ = {
			isa = PBXResourcesBuildPhase;
			buildActionMask = 2147483647;
			files = (
				845E9844206B8EA600B6CAD9 /* LaunchScreen.storyboard in Resources */,
				845E9841206B8EA600B6CAD9 /* Assets.xcassets in Resources */,
				845E983F206B8EA600B6CAD9 /* Main.storyboard in Resources */,
			);
			runOnlyForDeploymentPostprocessing = 0;
		};
		845E984A206B8EA600B6CAD9 /* Resources */ = {
			isa = PBXResourcesBuildPhase;
			buildActionMask = 2147483647;
			files = (
			);
			runOnlyForDeploymentPostprocessing = 0;
		};
		845E9855206B8EA600B6CAD9 /* Resources */ = {
			isa = PBXResourcesBuildPhase;
			buildActionMask = 2147483647;
			files = (
			);
			runOnlyForDeploymentPostprocessing = 0;
		};
/* End PBXResourcesBuildPhase section */

/* Begin PBXSourcesBuildPhase section */
		845E9830206B8EA600B6CAD9 /* Sources */ = {
			isa = PBXSourcesBuildPhase;
			buildActionMask = 2147483647;
			files = (
				844E23E0206CE48A0059716C /* GCDAsyncSocket.m in Sources */,
				844E23DA206CD6D40059716C /* XNativeSocketManager.m in Sources */,
				844E23DD206CE4770059716C /* XAsyncSocketManager.m in Sources */,
				845E983C206B8EA600B6CAD9 /* ViewController.m in Sources */,
				845E9847206B8EA600B6CAD9 /* main.m in Sources */,
				845E9839206B8EA600B6CAD9 /* AppDelegate.m in Sources */,
			);
			runOnlyForDeploymentPostprocessing = 0;
		};
		845E9848206B8EA600B6CAD9 /* Sources */ = {
			isa = PBXSourcesBuildPhase;
			buildActionMask = 2147483647;
			files = (
				845E9851206B8EA600B6CAD9 /* SocketDemoTests.m in Sources */,
			);
			runOnlyForDeploymentPostprocessing = 0;
		};
		845E9853206B8EA600B6CAD9 /* Sources */ = {
			isa = PBXSourcesBuildPhase;
			buildActionMask = 2147483647;
			files = (
				845E985C206B8EA700B6CAD9 /* SocketDemoUITests.m in Sources */,
			);
			runOnlyForDeploymentPostprocessing = 0;
		};
/* End PBXSourcesBuildPhase section */

/* Begin PBXTargetDependency section */
		845E984E206B8EA600B6CAD9 /* PBXTargetDependency */ = {
			isa = PBXTargetDependency;
			target = 845E9833206B8EA600B6CAD9 /* SocketDemo */;
			targetProxy = 845E984D206B8EA600B6CAD9 /* PBXContainerItemProxy */;
		};
		845E9859206B8EA600B6CAD9 /* PBXTargetDependency */ = {
			isa = PBXTargetDependency;
			target = 845E9833206B8EA600B6CAD9 /* SocketDemo */;
			targetProxy = 845E9858206B8EA600B6CAD9 /* PBXContainerItemProxy */;
		};
/* End PBXTargetDependency section */

/* Begin PBXVariantGroup section */
		845E983D206B8EA600B6CAD9 /* Main.storyboard */ = {
			isa = PBXVariantGroup;
			children = (
				845E983E206B8EA600B6CAD9 /* Base */,
			);
			name = Main.storyboard;
			sourceTree = "<group>";
		};
		845E9842206B8EA600B6CAD9 /* LaunchScreen.storyboard */ = {
			isa = PBXVariantGroup;
			children = (
				845E9843206B8EA600B6CAD9 /* Base */,
			);
			name = LaunchScreen.storyboard;
			sourceTree = "<group>";
		};
/* End PBXVariantGroup section */

/* Begin XCBuildConfiguration section */
		845E985E206B8EA700B6CAD9 /* Debug */ = {
			isa = XCBuildConfiguration;
			buildSettings = {
				ALWAYS_SEARCH_USER_PATHS = NO;
				CLANG_ANALYZER_NONNULL = YES;
				CLANG_ANALYZER_NUMBER_OBJECT_CONVERSION = YES_AGGRESSIVE;
				CLANG_CXX_LANGUAGE_STANDARD = "gnu++14";
				CLANG_CXX_LIBRARY = "libc++";
				CLANG_ENABLE_MODULES = YES;
				CLANG_ENABLE_OBJC_ARC = YES;
				CLANG_WARN_BLOCK_CAPTURE_AUTORELEASING = YES;
				CLANG_WARN_BOOL_CONVERSION = YES;
				CLANG_WARN_COMMA = YES;
				CLANG_WARN_CONSTANT_CONVERSION = YES;
				CLANG_WARN_DIRECT_OBJC_ISA_USAGE = YES_ERROR;
				CLANG_WARN_DOCUMENTATION_COMMENTS = YES;
				CLANG_WARN_EMPTY_BODY = YES;
				CLANG_WARN_ENUM_CONVERSION = YES;
				CLANG_WARN_INFINITE_RECURSION = YES;
				CLANG_WARN_INT_CONVERSION = YES;
				CLANG_WARN_NON_LITERAL_NULL_CONVERSION = YES;
				CLANG_WARN_OBJC_LITERAL_CONVERSION = YES;
				CLANG_WARN_OBJC_ROOT_CLASS = YES_ERROR;
				CLANG_WARN_RANGE_LOOP_ANALYSIS = YES;
				CLANG_WARN_STRICT_PROTOTYPES = YES;
				CLANG_WARN_SUSPICIOUS_MOVE = YES;
				CLANG_WARN_UNGUARDED_AVAILABILITY = YES_AGGRESSIVE;
				CLANG_WARN_UNREACHABLE_CODE = YES;
				CLANG_WARN__DUPLICATE_METHOD_MATCH = YES;
				CODE_SIGN_IDENTITY = "iPhone Developer";
				COPY_PHASE_STRIP = NO;
				DEBUG_INFORMATION_FORMAT = dwarf;
				ENABLE_STRICT_OBJC_MSGSEND = YES;
				ENABLE_TESTABILITY = YES;
				GCC_C_LANGUAGE_STANDARD = gnu11;
				GCC_DYNAMIC_NO_PIC = NO;
				GCC_NO_COMMON_BLOCKS = YES;
				GCC_OPTIMIZATION_LEVEL = 0;
				GCC_PREPROCESSOR_DEFINITIONS = (
					"DEBUG=1",
					"$(inherited)",
				);
				GCC_WARN_64_TO_32_BIT_CONVERSION = YES;
				GCC_WARN_ABOUT_RETURN_TYPE = YES_ERROR;
				GCC_WARN_UNDECLARED_SELECTOR = YES;
				GCC_WARN_UNINITIALIZED_AUTOS = YES_AGGRESSIVE;
				GCC_WARN_UNUSED_FUNCTION = YES;
				GCC_WARN_UNUSED_VARIABLE = YES;
				IPHONEOS_DEPLOYMENT_TARGET = 11.2;
				MTL_ENABLE_DEBUG_INFO = YES;
				ONLY_ACTIVE_ARCH = YES;
				SDKROOT = iphoneos;
			};
			name = Debug;
		};
		845E985F206B8EA700B6CAD9 /* Release */ = {
			isa = XCBuildConfiguration;
			buildSettings = {
				ALWAYS_SEARCH_USER_PATHS = NO;
				CLANG_ANALYZER_NONNULL = YES;
				CLANG_ANALYZER_NUMBER_OBJECT_CONVERSION = YES_AGGRESSIVE;
				CLANG_CXX_LANGUAGE_STANDARD = "gnu++14";
				CLANG_CXX_LIBRARY = "libc++";
				CLANG_ENABLE_MODULES = YES;
				CLANG_ENABLE_OBJC_ARC = YES;
				CLANG_WARN_BLOCK_CAPTURE_AUTORELEASING = YES;
				CLANG_WARN_BOOL_CONVERSION = YES;
				CLANG_WARN_COMMA = YES;
				CLANG_WARN_CONSTANT_CONVERSION = YES;
				CLANG_WARN_DIRECT_OBJC_ISA_USAGE = YES_ERROR;
				CLANG_WARN_DOCUMENTATION_COMMENTS = YES;
				CLANG_WARN_EMPTY_BODY = YES;
				CLANG_WARN_ENUM_CONVERSION = YES;
				CLANG_WARN_INFINITE_RECURSION = YES;
				CLANG_WARN_INT_CONVERSION = YES;
				CLANG_WARN_NON_LITERAL_NULL_CONVERSION = YES;
				CLANG_WARN_OBJC_LITERAL_CONVERSION = YES;
				CLANG_WARN_OBJC_ROOT_CLASS = YES_ERROR;
				CLANG_WARN_RANGE_LOOP_ANALYSIS = YES;
				CLANG_WARN_STRICT_PROTOTYPES = YES;
				CLANG_WARN_SUSPICIOUS_MOVE = YES;
				CLANG_WARN_UNGUARDED_AVAILABILITY = YES_AGGRESSIVE;
				CLANG_WARN_UNREACHABLE_CODE = YES;
				CLANG_WARN__DUPLICATE_METHOD_MATCH = YES;
				CODE_SIGN_IDENTITY = "iPhone Developer";
				COPY_PHASE_STRIP = NO;
				DEBUG_INFORMATION_FORMAT = "dwarf-with-dsym";
				ENABLE_NS_ASSERTIONS = NO;
				ENABLE_STRICT_OBJC_MSGSEND = YES;
				GCC_C_LANGUAGE_STANDARD = gnu11;
				GCC_NO_COMMON_BLOCKS = YES;
				GCC_WARN_64_TO_32_BIT_CONVERSION = YES;
				GCC_WARN_ABOUT_RETURN_TYPE = YES_ERROR;
				GCC_WARN_UNDECLARED_SELECTOR = YES;
				GCC_WARN_UNINITIALIZED_AUTOS = YES_AGGRESSIVE;
				GCC_WARN_UNUSED_FUNCTION = YES;
				GCC_WARN_UNUSED_VARIABLE = YES;
				IPHONEOS_DEPLOYMENT_TARGET = 11.2;
				MTL_ENABLE_DEBUG_INFO = NO;
				SDKROOT = iphoneos;
				VALIDATE_PRODUCT = YES;
			};
			name = Release;
		};
		845E9861206B8EA700B6CAD9 /* Debug */ = {
			isa = XCBuildConfiguration;
			buildSettings = {
				ASSETCATALOG_COMPILER_APPICON_NAME = AppIcon;
				CODE_SIGN_STYLE = Automatic;
				DEVELOPMENT_TEAM = 8NDM2JAGC4;
				FRAMEWORK_SEARCH_PATHS = (
					"$(inherited)",
					"$(PROJECT_DIR)/SocketDemo",
				);
				INFOPLIST_FILE = SocketDemo/Info.plist;
				LD_RUNPATH_SEARCH_PATHS = "$(inherited) @executable_path/Frameworks";
				PRODUCT_BUNDLE_IDENTIFIER = XTech.SocketDemo;
				PRODUCT_NAME = "$(TARGET_NAME)";
				TARGETED_DEVICE_FAMILY = "1,2";
			};
			name = Debug;
		};
		845E9862206B8EA700B6CAD9 /* Release */ = {
			isa = XCBuildConfiguration;
			buildSettings = {
				ASSETCATALOG_COMPILER_APPICON_NAME = AppIcon;
				CODE_SIGN_STYLE = Automatic;
				DEVELOPMENT_TEAM = 8NDM2JAGC4;
				FRAMEWORK_SEARCH_PATHS = (
					"$(inherited)",
					"$(PROJECT_DIR)/SocketDemo",
				);
				INFOPLIST_FILE = SocketDemo/Info.plist;
				LD_RUNPATH_SEARCH_PATHS = "$(inherited) @executable_path/Frameworks";
				PRODUCT_BUNDLE_IDENTIFIER = XTech.SocketDemo;
				PRODUCT_NAME = "$(TARGET_NAME)";
				TARGETED_DEVICE_FAMILY = "1,2";
			};
			name = Release;
		};
		845E9864206B8EA700B6CAD9 /* Debug */ = {
			isa = XCBuildConfiguration;
			buildSettings = {
				BUNDLE_LOADER = "$(TEST_HOST)";
				CODE_SIGN_STYLE = Automatic;
				DEVELOPMENT_TEAM = 8NDM2JAGC4;
				INFOPLIST_FILE = SocketDemoTests/Info.plist;
				LD_RUNPATH_SEARCH_PATHS = "$(inherited) @executable_path/Frameworks @loader_path/Frameworks";
				PRODUCT_BUNDLE_IDENTIFIER = XTech.SocketDemoTests;
				PRODUCT_NAME = "$(TARGET_NAME)";
				TARGETED_DEVICE_FAMILY = "1,2";
				TEST_HOST = "$(BUILT_PRODUCTS_DIR)/SocketDemo.app/SocketDemo";
			};
			name = Debug;
		};
		845E9865206B8EA700B6CAD9 /* Release */ = {
			isa = XCBuildConfiguration;
			buildSettings = {
				BUNDLE_LOADER = "$(TEST_HOST)";
				CODE_SIGN_STYLE = Automatic;
				DEVELOPMENT_TEAM = 8NDM2JAGC4;
				INFOPLIST_FILE = SocketDemoTests/Info.plist;
				LD_RUNPATH_SEARCH_PATHS = "$(inherited) @executable_path/Frameworks @loader_path/Frameworks";
				PRODUCT_BUNDLE_IDENTIFIER = XTech.SocketDemoTests;
				PRODUCT_NAME = "$(TARGET_NAME)";
				TARGETED_DEVICE_FAMILY = "1,2";
				TEST_HOST = "$(BUILT_PRODUCTS_DIR)/SocketDemo.app/SocketDemo";
			};
			name = Release;
		};
		845E9867206B8EA700B6CAD9 /* Debug */ = {
			isa = XCBuildConfiguration;
			buildSettings = {
				CODE_SIGN_STYLE = Automatic;
				DEVELOPMENT_TEAM = 8NDM2JAGC4;
				INFOPLIST_FILE = SocketDemoUITests/Info.plist;
				LD_RUNPATH_SEARCH_PATHS = "$(inherited) @executable_path/Frameworks @loader_path/Frameworks";
				PRODUCT_BUNDLE_IDENTIFIER = XTech.SocketDemoUITests;
				PRODUCT_NAME = "$(TARGET_NAME)";
				TARGETED_DEVICE_FAMILY = "1,2";
				TEST_TARGET_NAME = SocketDemo;
			};
			name = Debug;
		};
		845E9868206B8EA700B6CAD9 /* Release */ = {
			isa = XCBuildConfiguration;
			buildSettings = {
				CODE_SIGN_STYLE = Automatic;
				DEVELOPMENT_TEAM = 8NDM2JAGC4;
				INFOPLIST_FILE = SocketDemoUITests/Info.plist;
				LD_RUNPATH_SEARCH_PATHS = "$(inherited) @executable_path/Frameworks @loader_path/Frameworks";
				PRODUCT_BUNDLE_IDENTIFIER = XTech.SocketDemoUITests;
				PRODUCT_NAME = "$(TARGET_NAME)";
				TARGETED_DEVICE_FAMILY = "1,2";
				TEST_TARGET_NAME = SocketDemo;
			};
			name = Release;
		};
/* End XCBuildConfiguration section */

/* Begin XCConfigurationList section */
		845E982F206B8EA600B6CAD9 /* Build configuration list for PBXProject "SocketDemo" */ = {
			isa = XCConfigurationList;
			buildConfigurations = (
				845E985E206B8EA700B6CAD9 /* Debug */,
				845E985F206B8EA700B6CAD9 /* Release */,
			);
			defaultConfigurationIsVisible = 0;
			defaultConfigurationName = Release;
		};
		845E9860206B8EA700B6CAD9 /* Build configuration list for PBXNativeTarget "SocketDemo" */ = {
			isa = XCConfigurationList;
			buildConfigurations = (
				845E9861206B8EA700B6CAD9 /* Debug */,
				845E9862206B8EA700B6CAD9 /* Release */,
			);
			defaultConfigurationIsVisible = 0;
			defaultConfigurationName = Release;
		};
		845E9863206B8EA700B6CAD9 /* Build configuration list for PBXNativeTarget "SocketDemoTests" */ = {
			isa = XCConfigurationList;
			buildConfigurations = (
				845E9864206B8EA700B6CAD9 /* Debug */,
				845E9865206B8EA700B6CAD9 /* Release */,
			);
			defaultConfigurationIsVisible = 0;
			defaultConfigurationName = Release;
		};
		845E9866206B8EA700B6CAD9 /* Build configuration list for PBXNativeTarget "SocketDemoUITests" */ = {
			isa = XCConfigurationList;
			buildConfigurations = (
				845E9867206B8EA700B6CAD9 /* Debug */,
				845E9868206B8EA700B6CAD9 /* Release */,
			);
			defaultConfigurationIsVisible = 0;
			defaultConfigurationName = Release;
		};
/* End XCConfigurationList section */
	};
	rootObject = 845E982C206B8EA600B6CAD9 /* Project object */;
}
